
Microsoft Visual Studio Solution File, Format Version 12.00
# Visual Studio Version 16
VisualStudioVersion = 16.0.32929.386
MinimumVisualStudioVersion = 10.0.40219.1
Project("{FAE04EC0-301F-11D3-BF4B-00C04F79EFBC}") = "calculatorn", "calculatorn\calculatorn.csproj", "{893C349E-966F-47E6-83EE-DE5A4DE418F5}"
EndProject
Global
	GlobalSection(SolutionConfigurationPlatforms) = preSolution
		Debug|Any CPU = Debug|Any CPU
		Release|Any CPU = Release|Any CPU
	EndGlobalSection
	GlobalSection(ProjectConfigurationPlatforms) = postSolution
		{893C349E-966F-47E6-83EE-DE5A4DE418F5}.Debug|Any CPU.ActiveCfg = Debug|Any CPU
		{893C349E-966F-47E6-83EE-DE5A4DE418F5}.Debug|Any CPU.Build.0 = Debug|Any CPU
		{893C349E-966F-47E6-83EE-DE5A4DE418F5}.Release|Any CPU.ActiveCfg = Release|Any CPU
		{893C349E-966F-47E6-83EE-DE5A4DE418F5}.Release|Any CPU.Build.0 = Release|Any CPU
	EndGlobalSection
	GlobalSection(SolutionProperties) = preSolution
		HideSolutionNode = FALSE
	EndGlobalSection
	GlobalSection(ExtensibilityGlobals) = postSolution
		SolutionGuid = {60E75A5A-A353-4FD0-BD99-21766A78569A}
	EndGlobalSection
EndGlobal
